
Microsoft Visual Studio Solution File, Format Version 12.00
# Visual Studio Version 17
VisualStudioVersion = 17.11.35303.130
MinimumVisualStudioVersion = 10.0.40219.1
Project("{2150E333-8FDC-42A3-9474-1A3956D46DE8}") = "FrontEnd", "FrontEnd", "{0E1D4CC3-DA37-44B8-91CD-A5A2F2D73106}"
EndProject
Project("{2150E333-8FDC-42A3-9474-1A3956D46DE8}") = "Services", "Services", "{4CA9C1A0-76EE-4C7E-BEC5-F0743FF0BE4B}"
EndProject
Project("{9A19103F-16F7-4668-BE54-9A1E7A4F7556}") = "GeekShopping.Web", "GeekShopping.Web\GeekShopping.Web.csproj", "{2133C80E-E4B3-462D-8603-CB8400FDDB1B}"
EndProject
Project("{9A19103F-16F7-4668-BE54-9A1E7A4F7556}") = "GeekShopping.ProductAPI", "GeekShopping.ProductAPI\GeekShopping.ProductAPI.csproj", "{61C04E01-23D6-44A3-90E9-FDE0B5BD0EC4}"
EndProject
Project("{9A19103F-16F7-4668-BE54-9A1E7A4F7556}") = "GeekShopping.IdentityServer", "GeekShopping.IdentityServer\GeekShopping.IdentityServer.csproj", "{1E172C10-041B-4524-A868-E5EF73393328}"
EndProject
Project("{9A19103F-16F7-4668-BE54-9A1E7A4F7556}") = "GeekShopping.CartAPI", "GeekShopping.CartAPI\GeekShopping.CartAPI.csproj", "{5FB1FA2C-80F3-49D7-9B77-EF433B0B2D66}"
EndProject
Project("{9A19103F-16F7-4668-BE54-9A1E7A4F7556}") = "GeekShopping.CouponAPI", "GeekShopping.CouponAPI\GeekShopping.CouponAPI.csproj", "{C939B4E4-1E52-44B8-A92F-CB5DB87025DA}"
EndProject
Project("{2150E333-8FDC-42A3-9474-1A3956D46DE8}") = "Integration", "Integration", "{9CF7368F-52A0-46CD-9247-DCB649DE699A}"
EndProject
Project("{9A19103F-16F7-4668-BE54-9A1E7A4F7556}") = "GeekShopping.MessageBus", "GeekShopping.MessageBus\GeekShopping.MessageBus.csproj", "{AB3333A0-9766-4078-98AE-71EA889B9BA2}"
EndProject
Project("{FAE04EC0-301F-11D3-BF4B-00C04F79EFBC}") = "GeekShopping.OrderAPI", "GeekShopping.OrderAPI\GeekShopping.OrderAPI.csproj", "{540021C9-24B3-44F9-BD6E-DB7104398422}"
EndProject
Global
	GlobalSection(SolutionConfigurationPlatforms) = preSolution
		Debug|Any CPU = Debug|Any CPU
		Release|Any CPU = Release|Any CPU
	EndGlobalSection
	GlobalSection(ProjectConfigurationPlatforms) = postSolution
		{2133C80E-E4B3-462D-8603-CB8400FDDB1B}.Debug|Any CPU.ActiveCfg = Debug|Any CPU
		{2133C80E-E4B3-462D-8603-CB8400FDDB1B}.Debug|Any CPU.Build.0 = Debug|Any CPU
		{2133C80E-E4B3-462D-8603-CB8400FDDB1B}.Release|Any CPU.ActiveCfg = Release|Any CPU
		{2133C80E-E4B3-462D-8603-CB8400FDDB1B}.Release|Any CPU.Build.0 = Release|Any CPU
		{61C04E01-23D6-44A3-90E9-FDE0B5BD0EC4}.Debug|Any CPU.ActiveCfg = Debug|Any CPU
		{61C04E01-23D6-44A3-90E9-FDE0B5BD0EC4}.Debug|Any CPU.Build.0 = Debug|Any CPU
		{61C04E01-23D6-44A3-90E9-FDE0B5BD0EC4}.Release|Any CPU.ActiveCfg = Release|Any CPU
		{61C04E01-23D6-44A3-90E9-FDE0B5BD0EC4}.Release|Any CPU.Build.0 = Release|Any CPU
		{1E172C10-041B-4524-A868-E5EF73393328}.Debug|Any CPU.ActiveCfg = Debug|Any CPU
		{1E172C10-041B-4524-A868-E5EF73393328}.Debug|Any CPU.Build.0 = Debug|Any CPU
		{1E172C10-041B-4524-A868-E5EF73393328}.Release|Any CPU.ActiveCfg = Release|Any CPU
		{1E172C10-041B-4524-A868-E5EF73393328}.Release|Any CPU.Build.0 = Release|Any CPU
		{5FB1FA2C-80F3-49D7-9B77-EF433B0B2D66}.Debug|Any CPU.ActiveCfg = Debug|Any CPU
		{5FB1FA2C-80F3-49D7-9B77-EF433B0B2D66}.Debug|Any CPU.Build.0 = Debug|Any CPU
		{5FB1FA2C-80F3-49D7-9B77-EF433B0B2D66}.Release|Any CPU.ActiveCfg = Release|Any CPU
		{5FB1FA2C-80F3-49D7-9B77-EF433B0B2D66}.Release|Any CPU.Build.0 = Release|Any CPU
		{C939B4E4-1E52-44B8-A92F-CB5DB87025DA}.Debug|Any CPU.ActiveCfg = Debug|Any CPU
		{C939B4E4-1E52-44B8-A92F-CB5DB87025DA}.Debug|Any CPU.Build.0 = Debug|Any CPU
		{C939B4E4-1E52-44B8-A92F-CB5DB87025DA}.Release|Any CPU.ActiveCfg = Release|Any CPU
		{C939B4E4-1E52-44B8-A92F-CB5DB87025DA}.Release|Any CPU.Build.0 = Release|Any CPU
		{AB3333A0-9766-4078-98AE-71EA889B9BA2}.Debug|Any CPU.ActiveCfg = Debug|Any CPU
		{AB3333A0-9766-4078-98AE-71EA889B9BA2}.Debug|Any CPU.Build.0 = Debug|Any CPU
		{AB3333A0-9766-4078-98AE-71EA889B9BA2}.Release|Any CPU.ActiveCfg = Release|Any CPU
		{AB3333A0-9766-4078-98AE-71EA889B9BA2}.Release|Any CPU.Build.0 = Release|Any CPU
		{540021C9-24B3-44F9-BD6E-DB7104398422}.Debug|Any CPU.ActiveCfg = Debug|Any CPU
		{540021C9-24B3-44F9-BD6E-DB7104398422}.Debug|Any CPU.Build.0 = Debug|Any CPU
		{540021C9-24B3-44F9-BD6E-DB7104398422}.Release|Any CPU.ActiveCfg = Release|Any CPU
		{540021C9-24B3-44F9-BD6E-DB7104398422}.Release|Any CPU.Build.0 = Release|Any CPU
	EndGlobalSection
	GlobalSection(SolutionProperties) = preSolution
		HideSolutionNode = FALSE
	EndGlobalSection
	GlobalSection(NestedProjects) = preSolution
		{2133C80E-E4B3-462D-8603-CB8400FDDB1B} = {0E1D4CC3-DA37-44B8-91CD-A5A2F2D73106}
		{61C04E01-23D6-44A3-90E9-FDE0B5BD0EC4} = {4CA9C1A0-76EE-4C7E-BEC5-F0743FF0BE4B}
		{1E172C10-041B-4524-A868-E5EF73393328} = {4CA9C1A0-76EE-4C7E-BEC5-F0743FF0BE4B}
		{5FB1FA2C-80F3-49D7-9B77-EF433B0B2D66} = {4CA9C1A0-76EE-4C7E-BEC5-F0743FF0BE4B}
		{C939B4E4-1E52-44B8-A92F-CB5DB87025DA} = {4CA9C1A0-76EE-4C7E-BEC5-F0743FF0BE4B}
		{AB3333A0-9766-4078-98AE-71EA889B9BA2} = {9CF7368F-52A0-46CD-9247-DCB649DE699A}
		{540021C9-24B3-44F9-BD6E-DB7104398422} = {4CA9C1A0-76EE-4C7E-BEC5-F0743FF0BE4B}
	EndGlobalSection
	GlobalSection(ExtensibilityGlobals) = postSolution
		SolutionGuid = {C3DDFA8E-6CE0-455C-9461-72CC19933D88}
	EndGlobalSection
EndGlobal
